{
  "originHash" : "f8b9bfb69237aa891e854024e74e1d6ee1144f8cea3844b7bf2a94009031ed92",
  "pins" : [
    {
      "identity" : "felinepine",
      "kind" : "remoteSourceControl",
      "location" : "https://github.com/brightdigit/FelinePine.git",
      "state" : {
        "revision" : "7abf84e0cded44bc99fae106030e8e25e270dae0",
        "version" : "1.0.0"
      }
    },
    {
      "identity" : "felinepineswift",
      "kind" : "remoteSourceControl",
      "location" : "https://github.com/brightdigit/FelinePineSwift.git",
      "state" : {
        "revision" : "e0a414b8ee7ba1290e9d3b32f4c6cceff95af508",
        "version" : "1.0.0"
      }
    },
    {
      "identity" : "ipswdownloads",
      "kind" : "remoteSourceControl",
      "location" : "https://github.com/brightdigit/IPSWDownloads.git",
      "state" : {
        "revision" : "2e8ad36b5f74285dbe104e7ae99f8be0cd06b7b8",
        "version" : "1.0.2"
      }
    },
    {
      "identity" : "osver",
      "kind" : "remoteSourceControl",
      "location" : "https://github.com/brightdigit/OSVer.git",
      "state" : {
        "revision" : "448f170babc2f6c9897194a4b42719994639325d",
        "version" : "1.0.0"
      }
    },
    {
      "identity" : "radiantkit",
      "kind" : "remoteSourceControl",
      "location" : "https://github.com/brightdigit/RadiantKit.git",
      "state" : {
        "revision" : "a65d6721b6b396f0503a3876ddab3f2399b21d4e",
        "version" : "1.0.0-beta.5"
      }
    },
    {
      "identity" : "swift-argument-parser",
      "kind" : "remoteSourceControl",
      "location" : "https://github.com/apple/swift-argument-parser",
      "state" : {
        "revision" : "309a47b2b1d9b5e991f36961c983ecec72275be3",
        "version" : "1.6.1"
      }
    },
    {
      "identity" : "swift-collections",
      "kind" : "remoteSourceControl",
      "location" : "https://github.com/apple/swift-collections",
      "state" : {
        "revision" : "8c0c0a8b49e080e54e5e328cc552821ff07cd341",
        "version" : "1.2.1"
      }
    },
    {
      "identity" : "swift-http-types",
      "kind" : "remoteSourceControl",
      "location" : "https://github.com/apple/swift-http-types",
      "state" : {
        "revision" : "a0a57e949a8903563aba4615869310c0ebf14c03",
        "version" : "1.4.0"
      }
    },
    {
      "identity" : "swift-log",
      "kind" : "remoteSourceControl",
      "location" : "https://github.com/apple/swift-log.git",
      "state" : {
        "revision" : "2778fd4e5a12a8aaa30a3ee8285f4ce54c5f3181",
        "version" : "1.9.1"
      }
    },
    {
      "identity" : "swift-openapi-runtime",
      "kind" : "remoteSourceControl",
      "location" : "https://github.com/apple/swift-openapi-runtime",
      "state" : {
        "revision" : "8f33cc5dfe81169fb167da73584b9c72c3e8bc23",
        "version" : "1.8.2"
      }
    },
    {
      "identity" : "swift-openapi-urlsession",
      "kind" : "remoteSourceControl",
      "location" : "https://github.com/apple/swift-openapi-urlsession",
      "state" : {
        "revision" : "6fac6f7c428d5feea2639b5f5c8b06ddfb79434b",
        "version" : "1.1.0"
      }
    }
  ],
  "version" : 3
}
