// !$*UTF8*$!
{
	archiveVersion = 1;
	classes = {
	};
	objectVersion = 55;
	objects = {

/* Begin PBXBuildFile section */
		B363D0C62B72D42300C6824D /* StatusItem.swift in Sources */ = {isa = PBXBuildFile; fileRef = B363D0C52B72D42300C6824D /* StatusItem.swift */; };
		B39BE8372B7164CA00212067 /* AppDelegate.swift in Sources */ = {isa = PBXBuildFile; fileRef = B39BE8362B7164CA00212067 /* AppDelegate.swift */; };
		B39BE83B2B7164CB00212067 /* Assets.xcassets in Resources */ = {isa = PBXBuildFile; fileRef = B39BE83A2B7164CB00212067 /* Assets.xcassets */; };
		B39BE8462B71653300212067 /* old.swift in Sources */ = {isa = PBXBuildFile; fileRef = B39BE8452B71653300212067 /* old.swift */; };
		B3F379DC2C06137A0046AE79 /* HarvesterApp.swift in Sources */ = {isa = PBXBuildFile; fileRef = B3F379DB2C06137A0046AE79 /* HarvesterApp.swift */; };
		B3F379DE2C06137A0046AE79 /* ContentView.swift in Sources */ = {isa = PBXBuildFile; fileRef = B3F379DD2C06137A0046AE79 /* ContentView.swift */; };
		B3F379E02C06137A0046AE79 /* Assets.xcassets in Resources */ = {isa = PBXBuildFile; fileRef = B3F379DF2C06137A0046AE79 /* Assets.xcassets */; };
		B3F379E32C06137A0046AE79 /* Preview Assets.xcassets in Resources */ = {isa = PBXBuildFile; fileRef = B3F379E22C06137A0046AE79 /* Preview Assets.xcassets */; };
/* End PBXBuildFile section */

/* Begin PBXContainerItemProxy section */
		B3FFFCAE2C06127C00D4810D /* PBXContainerItemProxy */ = {
			isa = PBXContainerItemProxy;
			containerPortal = B3FFFCAA2C06127C00D4810D /* MultipeerDemo.xcodeproj */;
			proxyType = 2;
			remoteGlobalIDString = B30968F72B8E23AF003B4BCE;
			remoteInfo = MultipeerDemo;
		};
/* End PBXContainerItemProxy section */

/* Begin PBXFileReference section */
		B31D8E642B7166E600BF8F7B /* Info.plist */ = {isa = PBXFileReference; lastKnownFileType = text.plist; path = Info.plist; sourceTree = "<group>"; };
		B363D0C52B72D42300C6824D /* StatusItem.swift */ = {isa = PBXFileReference; lastKnownFileType = sourcecode.swift; path = StatusItem.swift; sourceTree = "<group>"; };
		B39BE8332B7164CA00212067 /* HarvestBin.app */ = {isa = PBXFileReference; explicitFileType = wrapper.application; includeInIndex = 0; path = HarvestBin.app; sourceTree = BUILT_PRODUCTS_DIR; };
		B39BE8362B7164CA00212067 /* AppDelegate.swift */ = {isa = PBXFileReference; lastKnownFileType = sourcecode.swift; path = AppDelegate.swift; sourceTree = "<group>"; };
		B39BE83A2B7164CB00212067 /* Assets.xcassets */ = {isa = PBXFileReference; lastKnownFileType = folder.assetcatalog; path = Assets.xcassets; sourceTree = "<group>"; };
		B39BE83F2B7164CB00212067 /* HarvestBin.entitlements */ = {isa = PBXFileReference; lastKnownFileType = text.plist.entitlements; path = HarvestBin.entitlements; sourceTree = "<group>"; };
		B39BE8452B71653300212067 /* old.swift */ = {isa = PBXFileReference; lastKnownFileType = sourcecode.swift; path = old.swift; sourceTree = "<group>"; };
		B3F379D92C06137A0046AE79 /* Harvester.app */ = {isa = PBXFileReference; explicitFileType = wrapper.application; includeInIndex = 0; path = Harvester.app; sourceTree = BUILT_PRODUCTS_DIR; };
		B3F379DB2C06137A0046AE79 /* HarvesterApp.swift */ = {isa = PBXFileReference; lastKnownFileType = sourcecode.swift; path = HarvesterApp.swift; sourceTree = "<group>"; };
		B3F379DD2C06137A0046AE79 /* ContentView.swift */ = {isa = PBXFileReference; lastKnownFileType = sourcecode.swift; path = ContentView.swift; sourceTree = "<group>"; };
		B3F379DF2C06137A0046AE79 /* Assets.xcassets */ = {isa = PBXFileReference; lastKnownFileType = folder.assetcatalog; path = Assets.xcassets; sourceTree = "<group>"; };
		B3F379E22C06137A0046AE79 /* Preview Assets.xcassets */ = {isa = PBXFileReference; lastKnownFileType = folder.assetcatalog; path = "Preview Assets.xcassets"; sourceTree = "<group>"; };
		B3F379E42C06137A0046AE79 /* Harvester.entitlements */ = {isa = PBXFileReference; lastKnownFileType = text.plist.entitlements; path = Harvester.entitlements; sourceTree = "<group>"; };
		B3F379E92C0627DA0046AE79 /* Info.plist */ = {isa = PBXFileReference; lastKnownFileType = text.plist; path = Info.plist; sourceTree = "<group>"; };
		B3FFFCAA2C06127C00D4810D /* MultipeerDemo.xcodeproj */ = {isa = PBXFileReference; lastKnownFileType = "wrapper.pb-project"; name = MultipeerDemo.xcodeproj; path = ../MultipeerDemo.xcodeproj; sourceTree = "<group>"; };
/* End PBXFileReference section */

/* Begin PBXFrameworksBuildPhase section */
		B39BE8302B7164CA00212067 /* Frameworks */ = {
			isa = PBXFrameworksBuildPhase;
			buildActionMask = 2147483647;
			files = (
			);
			runOnlyForDeploymentPostprocessing = 0;
		};
		B3F379D62C06137A0046AE79 /* Frameworks */ = {
			isa = PBXFrameworksBuildPhase;
			buildActionMask = 2147483647;
			files = (
			);
			runOnlyForDeploymentPostprocessing = 0;
		};
/* End PBXFrameworksBuildPhase section */

/* Begin PBXGroup section */
		B39BE82A2B7164CA00212067 = {
			isa = PBXGroup;
			children = (
				B3FFFCAA2C06127C00D4810D /* MultipeerDemo.xcodeproj */,
				B39BE8352B7164CA00212067 /* HarvestBin */,
				B3F379DA2C06137A0046AE79 /* Harvester */,
				B39BE8342B7164CA00212067 /* Products */,
			);
			sourceTree = "<group>";
		};
		B39BE8342B7164CA00212067 /* Products */ = {
			isa = PBXGroup;
			children = (
				B39BE8332B7164CA00212067 /* HarvestBin.app */,
				B3F379D92C06137A0046AE79 /* Harvester.app */,
			);
			name = Products;
			sourceTree = "<group>";
		};
		B39BE8352B7164CA00212067 /* HarvestBin */ = {
			isa = PBXGroup;
			children = (
				B31D8E642B7166E600BF8F7B /* Info.plist */,
				B39BE8362B7164CA00212067 /* AppDelegate.swift */,
				B39BE83A2B7164CB00212067 /* Assets.xcassets */,
				B39BE83F2B7164CB00212067 /* HarvestBin.entitlements */,
				B39BE8452B71653300212067 /* old.swift */,
				B363D0C52B72D42300C6824D /* StatusItem.swift */,
			);
			path = HarvestBin;
			sourceTree = "<group>";
		};
		B3F379DA2C06137A0046AE79 /* Harvester */ = {
			isa = PBXGroup;
			children = (
				B3F379E92C0627DA0046AE79 /* Info.plist */,
				B3F379DB2C06137A0046AE79 /* HarvesterApp.swift */,
				B3F379DD2C06137A0046AE79 /* ContentView.swift */,
				B3F379DF2C06137A0046AE79 /* Assets.xcassets */,
				B3F379E42C06137A0046AE79 /* Harvester.entitlements */,
				B3F379E12C06137A0046AE79 /* Preview Content */,
			);
			path = Harvester;
			sourceTree = "<group>";
		};
		B3F379E12C06137A0046AE79 /* Preview Content */ = {
			isa = PBXGroup;
			children = (
				B3F379E22C06137A0046AE79 /* Preview Assets.xcassets */,
			);
			path = "Preview Content";
			sourceTree = "<group>";
		};
		B3FFFCAB2C06127C00D4810D /* Products */ = {
			isa = PBXGroup;
			children = (
				B3FFFCAF2C06127C00D4810D /* MultipeerDemo.app */,
			);
			name = Products;
			sourceTree = "<group>";
		};
/* End PBXGroup section */

/* Begin PBXNativeTarget section */
		B39BE8322B7164CA00212067 /* HarvestBin */ = {
			isa = PBXNativeTarget;
			buildConfigurationList = B39BE8422B7164CB00212067 /* Build configuration list for PBXNativeTarget "HarvestBin" */;
			buildPhases = (
				B39BE82F2B7164CA00212067 /* Sources */,
				B39BE8302B7164CA00212067 /* Frameworks */,
				B39BE8312B7164CA00212067 /* Resources */,
			);
			buildRules = (
			);
			dependencies = (
			);
			name = HarvestBin;
			productName = HarvestBin;
			productReference = B39BE8332B7164CA00212067 /* HarvestBin.app */;
			productType = "com.apple.product-type.application";
		};
		B3F379D82C06137A0046AE79 /* Harvester */ = {
			isa = PBXNativeTarget;
			buildConfigurationList = B3F379E82C06137A0046AE79 /* Build configuration list for PBXNativeTarget "Harvester" */;
			buildPhases = (
				B3F379D52C06137A0046AE79 /* Sources */,
				B3F379D62C06137A0046AE79 /* Frameworks */,
				B3F379D72C06137A0046AE79 /* Resources */,
			);
			buildRules = (
			);
			dependencies = (
			);
			name = Harvester;
			productName = Harvester;
			productReference = B3F379D92C06137A0046AE79 /* Harvester.app */;
			productType = "com.apple.product-type.application";
		};
/* End PBXNativeTarget section */

/* Begin PBXProject section */
		B39BE82B2B7164CA00212067 /* Project object */ = {
			isa = PBXProject;
			attributes = {
				BuildIndependentTargetsInParallel = 1;
				LastSwiftUpdateCheck = 1540;
				LastUpgradeCheck = 1340;
				TargetAttributes = {
					B39BE8322B7164CA00212067 = {
						CreatedOnToolsVersion = 13.4.1;
					};
					B3F379D82C06137A0046AE79 = {
						CreatedOnToolsVersion = 15.4;
					};
				};
			};
			buildConfigurationList = B39BE82E2B7164CA00212067 /* Build configuration list for PBXProject "HarvestBin" */;
			compatibilityVersion = "Xcode 13.0";
			developmentRegion = en;
			hasScannedForEncodings = 0;
			knownRegions = (
				en,
				Base,
			);
			mainGroup = B39BE82A2B7164CA00212067;
			productRefGroup = B39BE8342B7164CA00212067 /* Products */;
			projectDirPath = "";
			projectReferences = (
				{
					ProductGroup = B3FFFCAB2C06127C00D4810D /* Products */;
					ProjectRef = B3FFFCAA2C06127C00D4810D /* MultipeerDemo.xcodeproj */;
				},
			);
			projectRoot = "";
			targets = (
				B39BE8322B7164CA00212067 /* HarvestBin */,
				B3F379D82C06137A0046AE79 /* Harvester */,
			);
		};
/* End PBXProject section */

/* Begin PBXReferenceProxy section */
		B3FFFCAF2C06127C00D4810D /* MultipeerDemo.app */ = {
			isa = PBXReferenceProxy;
			fileType = wrapper.application;
			path = MultipeerDemo.app;
			remoteRef = B3FFFCAE2C06127C00D4810D /* PBXContainerItemProxy */;
			sourceTree = BUILT_PRODUCTS_DIR;
		};
/* End PBXReferenceProxy section */

/* Begin PBXResourcesBuildPhase section */
		B39BE8312B7164CA00212067 /* Resources */ = {
			isa = PBXResourcesBuildPhase;
			buildActionMask = 2147483647;
			files = (
				B39BE83B2B7164CB00212067 /* Assets.xcassets in Resources */,
			);
			runOnlyForDeploymentPostprocessing = 0;
		};
		B3F379D72C06137A0046AE79 /* Resources */ = {
			isa = PBXResourcesBuildPhase;
			buildActionMask = 2147483647;
			files = (
				B3F379E32C06137A0046AE79 /* Preview Assets.xcassets in Resources */,
				B3F379E02C06137A0046AE79 /* Assets.xcassets in Resources */,
			);
			runOnlyForDeploymentPostprocessing = 0;
		};
/* End PBXResourcesBuildPhase section */

/* Begin PBXSourcesBuildPhase section */
		B39BE82F2B7164CA00212067 /* Sources */ = {
			isa = PBXSourcesBuildPhase;
			buildActionMask = 2147483647;
			files = (
				B363D0C62B72D42300C6824D /* StatusItem.swift in Sources */,
				B39BE8462B71653300212067 /* old.swift in Sources */,
				B39BE8372B7164CA00212067 /* AppDelegate.swift in Sources */,
			);
			runOnlyForDeploymentPostprocessing = 0;
		};
		B3F379D52C06137A0046AE79 /* Sources */ = {
			isa = PBXSourcesBuildPhase;
			buildActionMask = 2147483647;
			files = (
				B3F379DE2C06137A0046AE79 /* ContentView.swift in Sources */,
				B3F379DC2C06137A0046AE79 /* HarvesterApp.swift in Sources */,
			);
			runOnlyForDeploymentPostprocessing = 0;
		};
/* End PBXSourcesBuildPhase section */

/* Begin XCBuildConfiguration section */
		B39BE8402B7164CB00212067 /* Debug */ = {
			isa = XCBuildConfiguration;
			buildSettings = {
				ALWAYS_SEARCH_USER_PATHS = NO;
				CLANG_ANALYZER_NONNULL = YES;
				CLANG_ANALYZER_NUMBER_OBJECT_CONVERSION = YES_AGGRESSIVE;
				CLANG_CXX_LANGUAGE_STANDARD = "gnu++17";
				CLANG_ENABLE_MODULES = YES;
				CLANG_ENABLE_OBJC_ARC = YES;
				CLANG_ENABLE_OBJC_WEAK = YES;
				CLANG_WARN_BLOCK_CAPTURE_AUTORELEASING = YES;
				CLANG_WARN_BOOL_CONVERSION = YES;
				CLANG_WARN_COMMA = YES;
				CLANG_WARN_CONSTANT_CONVERSION = YES;
				CLANG_WARN_DEPRECATED_OBJC_IMPLEMENTATIONS = YES;
				CLANG_WARN_DIRECT_OBJC_ISA_USAGE = YES_ERROR;
				CLANG_WARN_DOCUMENTATION_COMMENTS = YES;
				CLANG_WARN_EMPTY_BODY = YES;
				CLANG_WARN_ENUM_CONVERSION = YES;
				CLANG_WARN_INFINITE_RECURSION = YES;
				CLANG_WARN_INT_CONVERSION = YES;
				CLANG_WARN_NON_LITERAL_NULL_CONVERSION = YES;
				CLANG_WARN_OBJC_IMPLICIT_RETAIN_SELF = YES;
				CLANG_WARN_OBJC_LITERAL_CONVERSION = YES;
				CLANG_WARN_OBJC_ROOT_CLASS = YES_ERROR;
				CLANG_WARN_QUOTED_INCLUDE_IN_FRAMEWORK_HEADER = YES;
				CLANG_WARN_RANGE_LOOP_ANALYSIS = YES;
				CLANG_WARN_STRICT_PROTOTYPES = YES;
				CLANG_WARN_SUSPICIOUS_MOVE = YES;
				CLANG_WARN_UNGUARDED_AVAILABILITY = YES_AGGRESSIVE;
				CLANG_WARN_UNREACHABLE_CODE = YES;
				CLANG_WARN__DUPLICATE_METHOD_MATCH = YES;
				COPY_PHASE_STRIP = NO;
				DEBUG_INFORMATION_FORMAT = dwarf;
				ENABLE_STRICT_OBJC_MSGSEND = YES;
				ENABLE_TESTABILITY = YES;
				GCC_C_LANGUAGE_STANDARD = gnu11;
				GCC_DYNAMIC_NO_PIC = NO;
				GCC_NO_COMMON_BLOCKS = YES;
				GCC_OPTIMIZATION_LEVEL = 0;
				GCC_PREPROCESSOR_DEFINITIONS = (
					"DEBUG=1",
					"$(inherited)",
				);
				GCC_WARN_64_TO_32_BIT_CONVERSION = YES;
				GCC_WARN_ABOUT_RETURN_TYPE = YES_ERROR;
				GCC_WARN_UNDECLARED_SELECTOR = YES;
				GCC_WARN_UNINITIALIZED_AUTOS = YES_AGGRESSIVE;
				GCC_WARN_UNUSED_FUNCTION = YES;
				GCC_WARN_UNUSED_VARIABLE = YES;
				MACOSX_DEPLOYMENT_TARGET = 12.0;
				MTL_ENABLE_DEBUG_INFO = INCLUDE_SOURCE;
				MTL_FAST_MATH = YES;
				ONLY_ACTIVE_ARCH = YES;
				SDKROOT = macosx;
				SWIFT_ACTIVE_COMPILATION_CONDITIONS = DEBUG;
				SWIFT_OPTIMIZATION_LEVEL = "-Onone";
			};
			name = Debug;
		};
		B39BE8412B7164CB00212067 /* Release */ = {
			isa = XCBuildConfiguration;
			buildSettings = {
				ALWAYS_SEARCH_USER_PATHS = NO;
				CLANG_ANALYZER_NONNULL = YES;
				CLANG_ANALYZER_NUMBER_OBJECT_CONVERSION = YES_AGGRESSIVE;
				CLANG_CXX_LANGUAGE_STANDARD = "gnu++17";
				CLANG_ENABLE_MODULES = YES;
				CLANG_ENABLE_OBJC_ARC = YES;
				CLANG_ENABLE_OBJC_WEAK = YES;
				CLANG_WARN_BLOCK_CAPTURE_AUTORELEASING = YES;
				CLANG_WARN_BOOL_CONVERSION = YES;
				CLANG_WARN_COMMA = YES;
				CLANG_WARN_CONSTANT_CONVERSION = YES;
				CLANG_WARN_DEPRECATED_OBJC_IMPLEMENTATIONS = YES;
				CLANG_WARN_DIRECT_OBJC_ISA_USAGE = YES_ERROR;
				CLANG_WARN_DOCUMENTATION_COMMENTS = YES;
				CLANG_WARN_EMPTY_BODY = YES;
				CLANG_WARN_ENUM_CONVERSION = YES;
				CLANG_WARN_INFINITE_RECURSION = YES;
				CLANG_WARN_INT_CONVERSION = YES;
				CLANG_WARN_NON_LITERAL_NULL_CONVERSION = YES;
				CLANG_WARN_OBJC_IMPLICIT_RETAIN_SELF = YES;
				CLANG_WARN_OBJC_LITERAL_CONVERSION = YES;
				CLANG_WARN_OBJC_ROOT_CLASS = YES_ERROR;
				CLANG_WARN_QUOTED_INCLUDE_IN_FRAMEWORK_HEADER = YES;
				CLANG_WARN_RANGE_LOOP_ANALYSIS = YES;
				CLANG_WARN_STRICT_PROTOTYPES = YES;
				CLANG_WARN_SUSPICIOUS_MOVE = YES;
				CLANG_WARN_UNGUARDED_AVAILABILITY = YES_AGGRESSIVE;
				CLANG_WARN_UNREACHABLE_CODE = YES;
				CLANG_WARN__DUPLICATE_METHOD_MATCH = YES;
				COPY_PHASE_STRIP = NO;
				DEBUG_INFORMATION_FORMAT = "dwarf-with-dsym";
				ENABLE_NS_ASSERTIONS = NO;
				ENABLE_STRICT_OBJC_MSGSEND = YES;
				GCC_C_LANGUAGE_STANDARD = gnu11;
				GCC_NO_COMMON_BLOCKS = YES;
				GCC_WARN_64_TO_32_BIT_CONVERSION = YES;
				GCC_WARN_ABOUT_RETURN_TYPE = YES_ERROR;
				GCC_WARN_UNDECLARED_SELECTOR = YES;
				GCC_WARN_UNINITIALIZED_AUTOS = YES_AGGRESSIVE;
				GCC_WARN_UNUSED_FUNCTION = YES;
				GCC_WARN_UNUSED_VARIABLE = YES;
				MACOSX_DEPLOYMENT_TARGET = 12.0;
				MTL_ENABLE_DEBUG_INFO = NO;
				MTL_FAST_MATH = YES;
				SDKROOT = macosx;
				SWIFT_COMPILATION_MODE = wholemodule;
				SWIFT_OPTIMIZATION_LEVEL = "-O";
			};
			name = Release;
		};
		B39BE8432B7164CB00212067 /* Debug */ = {
			isa = XCBuildConfiguration;
			buildSettings = {
				ASSETCATALOG_COMPILER_APPICON_NAME = AppIcon;
				ASSETCATALOG_COMPILER_GLOBAL_ACCENT_COLOR_NAME = AccentColor;
				CODE_SIGN_ENTITLEMENTS = HarvestBin/HarvestBin.entitlements;
				CODE_SIGN_STYLE = Automatic;
				COMBINE_HIDPI_IMAGES = YES;
				CURRENT_PROJECT_VERSION = 1;
				GENERATE_INFOPLIST_FILE = YES;
				INFOPLIST_FILE = HarvestBin/Info.plist;
				INFOPLIST_KEY_NSHumanReadableCopyright = "";
				INFOPLIST_KEY_NSPrincipalClass = NSApplication;
				LD_RUNPATH_SEARCH_PATHS = (
					"$(inherited)",
					"@executable_path/../Frameworks",
				);
				MARKETING_VERSION = 1.0;
				PRODUCT_BUNDLE_IDENTIFIER = com.brightdigit.HarvestBin;
				PRODUCT_NAME = "$(TARGET_NAME)";
				SWIFT_EMIT_LOC_STRINGS = YES;
				SWIFT_VERSION = 5.0;
			};
			name = Debug;
		};
		B39BE8442B7164CB00212067 /* Release */ = {
			isa = XCBuildConfiguration;
			buildSettings = {
				ASSETCATALOG_COMPILER_APPICON_NAME = AppIcon;
				ASSETCATALOG_COMPILER_GLOBAL_ACCENT_COLOR_NAME = AccentColor;
				CODE_SIGN_ENTITLEMENTS = HarvestBin/HarvestBin.entitlements;
				CODE_SIGN_STYLE = Automatic;
				COMBINE_HIDPI_IMAGES = YES;
				CURRENT_PROJECT_VERSION = 1;
				GENERATE_INFOPLIST_FILE = YES;
				INFOPLIST_FILE = HarvestBin/Info.plist;
				INFOPLIST_KEY_NSHumanReadableCopyright = "";
				INFOPLIST_KEY_NSPrincipalClass = NSApplication;
				LD_RUNPATH_SEARCH_PATHS = (
					"$(inherited)",
					"@executable_path/../Frameworks",
				);
				MARKETING_VERSION = 1.0;
				PRODUCT_BUNDLE_IDENTIFIER = com.brightdigit.HarvestBin;
				PRODUCT_NAME = "$(TARGET_NAME)";
				SWIFT_EMIT_LOC_STRINGS = YES;
				SWIFT_VERSION = 5.0;
			};
			name = Release;
		};
		B3F379E52C06137A0046AE79 /* Debug */ = {
			isa = XCBuildConfiguration;
			buildSettings = {
				ASSETCATALOG_COMPILER_APPICON_NAME = AppIcon;
				ASSETCATALOG_COMPILER_GENERATE_SWIFT_ASSET_SYMBOL_EXTENSIONS = YES;
				ASSETCATALOG_COMPILER_GLOBAL_ACCENT_COLOR_NAME = AccentColor;
				CLANG_CXX_LANGUAGE_STANDARD = "gnu++20";
				CODE_SIGN_ENTITLEMENTS = Harvester/Harvester.entitlements;
				CODE_SIGN_STYLE = Automatic;
				COMBINE_HIDPI_IMAGES = YES;
				CURRENT_PROJECT_VERSION = 1;
				DEVELOPMENT_ASSET_PATHS = "\"Harvester/Preview Content\"";
				DEVELOPMENT_TEAM = MLT7M394S7;
				ENABLE_HARDENED_RUNTIME = YES;
				ENABLE_PREVIEWS = YES;
				ENABLE_USER_SCRIPT_SANDBOXING = YES;
				GCC_C_LANGUAGE_STANDARD = gnu17;
				GENERATE_INFOPLIST_FILE = YES;
				INFOPLIST_FILE = Harvester/Info.plist;
				INFOPLIST_KEY_NSHumanReadableCopyright = "";
				INFOPLIST_KEY_NSLocalNetworkUsageDescription = "I need it for this demo";
				LD_RUNPATH_SEARCH_PATHS = (
					"$(inherited)",
					"@executable_path/../Frameworks",
				);
				LOCALIZATION_PREFERS_STRING_CATALOGS = YES;
				MACOSX_DEPLOYMENT_TARGET = 14.5;
				MARKETING_VERSION = 1.0;
				PRODUCT_BUNDLE_IDENTIFIER = com.brightdigit.Harvester;
				PRODUCT_NAME = "$(TARGET_NAME)";
				SWIFT_ACTIVE_COMPILATION_CONDITIONS = "DEBUG $(inherited)";
				SWIFT_EMIT_LOC_STRINGS = YES;
				SWIFT_VERSION = 5.0;
			};
			name = Debug;
		};
		B3F379E62C06137A0046AE79 /* Release */ = {
			isa = XCBuildConfiguration;
			buildSettings = {
				ASSETCATALOG_COMPILER_APPICON_NAME = AppIcon;
				ASSETCATALOG_COMPILER_GENERATE_SWIFT_ASSET_SYMBOL_EXTENSIONS = YES;
				ASSETCATALOG_COMPILER_GLOBAL_ACCENT_COLOR_NAME = AccentColor;
				CLANG_CXX_LANGUAGE_STANDARD = "gnu++20";
				CODE_SIGN_ENTITLEMENTS = Harvester/Harvester.entitlements;
				CODE_SIGN_STYLE = Automatic;
				COMBINE_HIDPI_IMAGES = YES;
				CURRENT_PROJECT_VERSION = 1;
				DEVELOPMENT_ASSET_PATHS = "\"Harvester/Preview Content\"";
				DEVELOPMENT_TEAM = MLT7M394S7;
				ENABLE_HARDENED_RUNTIME = YES;
				ENABLE_PREVIEWS = YES;
				ENABLE_USER_SCRIPT_SANDBOXING = YES;
				GCC_C_LANGUAGE_STANDARD = gnu17;
				GENERATE_INFOPLIST_FILE = YES;
				INFOPLIST_FILE = Harvester/Info.plist;
				INFOPLIST_KEY_NSHumanReadableCopyright = "";
				INFOPLIST_KEY_NSLocalNetworkUsageDescription = "I need it for this demo";
				LD_RUNPATH_SEARCH_PATHS = (
					"$(inherited)",
					"@executable_path/../Frameworks",
				);
				LOCALIZATION_PREFERS_STRING_CATALOGS = YES;
				MACOSX_DEPLOYMENT_TARGET = 14.5;
				MARKETING_VERSION = 1.0;
				PRODUCT_BUNDLE_IDENTIFIER = com.brightdigit.Harvester;
				PRODUCT_NAME = "$(TARGET_NAME)";
				SWIFT_EMIT_LOC_STRINGS = YES;
				SWIFT_VERSION = 5.0;
			};
			name = Release;
		};
/* End XCBuildConfiguration section */

/* Begin XCConfigurationList section */
		B39BE82E2B7164CA00212067 /* Build configuration list for PBXProject "HarvestBin" */ = {
			isa = XCConfigurationList;
			buildConfigurations = (
				B39BE8402B7164CB00212067 /* Debug */,
				B39BE8412B7164CB00212067 /* Release */,
			);
			defaultConfigurationIsVisible = 0;
			defaultConfigurationName = Release;
		};
		B39BE8422B7164CB00212067 /* Build configuration list for PBXNativeTarget "HarvestBin" */ = {
			isa = XCConfigurationList;
			buildConfigurations = (
				B39BE8432B7164CB00212067 /* Debug */,
				B39BE8442B7164CB00212067 /* Release */,
			);
			defaultConfigurationIsVisible = 0;
			defaultConfigurationName = Release;
		};
		B3F379E82C06137A0046AE79 /* Build configuration list for PBXNativeTarget "Harvester" */ = {
			isa = XCConfigurationList;
			buildConfigurations = (
				B3F379E52C06137A0046AE79 /* Debug */,
				B3F379E62C06137A0046AE79 /* Release */,
			);
			defaultConfigurationIsVisible = 0;
			defaultConfigurationName = Release;
		};
/* End XCConfigurationList section */
	};
	rootObject = B39BE82B2B7164CA00212067 /* Project object */;
}
